
Microsoft Visual Studio Solution File, Format Version 12.00
# Visual Studio 15
VisualStudioVersion = 15.0.26124.0
MinimumVisualStudioVersion = 15.0.26124.0t
Project("{FAE04EC0-301F-11D3-BF4B-00C04F79EFBC}") = "Brisk.Web", "Brisk.Web\Brisk.Web.csproj", "{B17299A0-C455-43AD-9EA3-D1A4015C7805}"
EndProject
Project("{FAE04EC0-301F-11D3-BF4B-00C04F79EFBC}") = "Brisk", "Brisk\Brisk.csproj", "{345F494A-4B25-44B7-923C-9217C9DCCB5A}"
EndProject
Project("{FAE04EC0-301F-11D3-BF4B-00C04F79EFBC}") = "Brisk.Tests", "Brisk.Tests\Brisk.Tests.csproj", "{5550CD47-57F0-4B0A-BFBB-A895FDDB4D5B}"
EndProject
Project("{FAE04EC0-301F-11D3-BF4B-00C04F79EFBC}") = "Brisk.Web.Tests", "Brisk.Web.Tests\Brisk.Web.Tests.csproj", "{D753737B-1839-4448-B068-0F8AE763C22A}"
EndProject
Global
	GlobalSection(SolutionConfigurationPlatforms) = preSolution
		Debug|Any CPU = Debug|Any CPU
		Debug|x64 = Debug|x64
		Debug|x86 = Debug|x86
		Release|Any CPU = Release|Any CPU
		Release|x64 = Release|x64
		Release|x86 = Release|x86
	EndGlobalSection
	GlobalSection(SolutionProperties) = preSolution
		HideSolutionNode = FALSE
	EndGlobalSection
	GlobalSection(ProjectConfigurationPlatforms) = postSolution
		{B17299A0-C455-43AD-9EA3-D1A4015C7805}.Debug|Any CPU.ActiveCfg = Debug|Any CPU
		{B17299A0-C455-43AD-9EA3-D1A4015C7805}.Debug|Any CPU.Build.0 = Debug|Any CPU
		{B17299A0-C455-43AD-9EA3-D1A4015C7805}.Debug|x64.ActiveCfg = Debug|Any CPU
		{B17299A0-C455-43AD-9EA3-D1A4015C7805}.Debug|x64.Build.0 = Debug|Any CPU
		{B17299A0-C455-43AD-9EA3-D1A4015C7805}.Debug|x86.ActiveCfg = Debug|Any CPU
		{B17299A0-C455-43AD-9EA3-D1A4015C7805}.Debug|x86.Build.0 = Debug|Any CPU
		{B17299A0-C455-43AD-9EA3-D1A4015C7805}.Release|Any CPU.ActiveCfg = Release|Any CPU
		{B17299A0-C455-43AD-9EA3-D1A4015C7805}.Release|Any CPU.Build.0 = Release|Any CPU
		{B17299A0-C455-43AD-9EA3-D1A4015C7805}.Release|x64.ActiveCfg = Release|Any CPU
		{B17299A0-C455-43AD-9EA3-D1A4015C7805}.Release|x64.Build.0 = Release|Any CPU
		{B17299A0-C455-43AD-9EA3-D1A4015C7805}.Release|x86.ActiveCfg = Release|Any CPU
		{B17299A0-C455-43AD-9EA3-D1A4015C7805}.Release|x86.Build.0 = Release|Any CPU
		{345F494A-4B25-44B7-923C-9217C9DCCB5A}.Debug|Any CPU.ActiveCfg = Debug|Any CPU
		{345F494A-4B25-44B7-923C-9217C9DCCB5A}.Debug|Any CPU.Build.0 = Debug|Any CPU
		{345F494A-4B25-44B7-923C-9217C9DCCB5A}.Debug|x64.ActiveCfg = Debug|Any CPU
		{345F494A-4B25-44B7-923C-9217C9DCCB5A}.Debug|x64.Build.0 = Debug|Any CPU
		{345F494A-4B25-44B7-923C-9217C9DCCB5A}.Debug|x86.ActiveCfg = Debug|Any CPU
		{345F494A-4B25-44B7-923C-9217C9DCCB5A}.Debug|x86.Build.0 = Debug|Any CPU
		{345F494A-4B25-44B7-923C-9217C9DCCB5A}.Release|Any CPU.ActiveCfg = Release|Any CPU
		{345F494A-4B25-44B7-923C-9217C9DCCB5A}.Release|Any CPU.Build.0 = Release|Any CPU
		{345F494A-4B25-44B7-923C-9217C9DCCB5A}.Release|x64.ActiveCfg = Release|Any CPU
		{345F494A-4B25-44B7-923C-9217C9DCCB5A}.Release|x64.Build.0 = Release|Any CPU
		{345F494A-4B25-44B7-923C-9217C9DCCB5A}.Release|x86.ActiveCfg = Release|Any CPU
		{345F494A-4B25-44B7-923C-9217C9DCCB5A}.Release|x86.Build.0 = Release|Any CPU
		{5550CD47-57F0-4B0A-BFBB-A895FDDB4D5B}.Debug|Any CPU.ActiveCfg = Debug|Any CPU
		{5550CD47-57F0-4B0A-BFBB-A895FDDB4D5B}.Debug|Any CPU.Build.0 = Debug|Any CPU
		{5550CD47-57F0-4B0A-BFBB-A895FDDB4D5B}.Debug|x64.ActiveCfg = Debug|Any CPU
		{5550CD47-57F0-4B0A-BFBB-A895FDDB4D5B}.Debug|x64.Build.0 = Debug|Any CPU
		{5550CD47-57F0-4B0A-BFBB-A895FDDB4D5B}.Debug|x86.ActiveCfg = Debug|Any CPU
		{5550CD47-57F0-4B0A-BFBB-A895FDDB4D5B}.Debug|x86.Build.0 = Debug|Any CPU
		{5550CD47-57F0-4B0A-BFBB-A895FDDB4D5B}.Release|Any CPU.ActiveCfg = Release|Any CPU
		{5550CD47-57F0-4B0A-BFBB-A895FDDB4D5B}.Release|Any CPU.Build.0 = Release|Any CPU
		{5550CD47-57F0-4B0A-BFBB-A895FDDB4D5B}.Release|x64.ActiveCfg = Release|Any CPU
		{5550CD47-57F0-4B0A-BFBB-A895FDDB4D5B}.Release|x64.Build.0 = Release|Any CPU
		{5550CD47-57F0-4B0A-BFBB-A895FDDB4D5B}.Release|x86.ActiveCfg = Release|Any CPU
		{5550CD47-57F0-4B0A-BFBB-A895FDDB4D5B}.Release|x86.Build.0 = Release|Any CPU
		{D753737B-1839-4448-B068-0F8AE763C22A}.Debug|Any CPU.ActiveCfg = Debug|Any CPU
		{D753737B-1839-4448-B068-0F8AE763C22A}.Debug|Any CPU.Build.0 = Debug|Any CPU
		{D753737B-1839-4448-B068-0F8AE763C22A}.Debug|x64.ActiveCfg = Debug|Any CPU
		{D753737B-1839-4448-B068-0F8AE763C22A}.Debug|x64.Build.0 = Debug|Any CPU
		{D753737B-1839-4448-B068-0F8AE763C22A}.Debug|x86.ActiveCfg = Debug|Any CPU
		{D753737B-1839-4448-B068-0F8AE763C22A}.Debug|x86.Build.0 = Debug|Any CPU
		{D753737B-1839-4448-B068-0F8AE763C22A}.Release|Any CPU.ActiveCfg = Release|Any CPU
		{D753737B-1839-4448-B068-0F8AE763C22A}.Release|Any CPU.Build.0 = Release|Any CPU
		{D753737B-1839-4448-B068-0F8AE763C22A}.Release|x64.ActiveCfg = Release|Any CPU
		{D753737B-1839-4448-B068-0F8AE763C22A}.Release|x64.Build.0 = Release|Any CPU
		{D753737B-1839-4448-B068-0F8AE763C22A}.Release|x86.ActiveCfg = Release|Any CPU
		{D753737B-1839-4448-B068-0F8AE763C22A}.Release|x86.Build.0 = Release|Any CPU
	EndGlobalSection
EndGlobal
